
Microsoft Visual Studio Solution File, Format Version 12.00
# Visual Studio Version 17
VisualStudioVersion = 17.4.33213.308
MinimumVisualStudioVersion = 10.0.40219.1
Project("{FAE04EC0-301F-11D3-BF4B-00C04F79EFBC}") = "BlueCalculator", "BlueCalculator\BlueCalculator.csproj", "{7AFE52FC-C4B7-43B7-80CB-9F1A4E09E08E}"
EndProject
Global
	GlobalSection(SolutionConfigurationPlatforms) = preSolution
		Debug|Any CPU = Debug|Any CPU
		Release|Any CPU = Release|Any CPU
	EndGlobalSection
	GlobalSection(ProjectConfigurationPlatforms) = postSolution
		{7AFE52FC-C4B7-43B7-80CB-9F1A4E09E08E}.Debug|Any CPU.ActiveCfg = Debug|Any CPU
		{7AFE52FC-C4B7-43B7-80CB-9F1A4E09E08E}.Debug|Any CPU.Build.0 = Debug|Any CPU
		{7AFE52FC-C4B7-43B7-80CB-9F1A4E09E08E}.Release|Any CPU.ActiveCfg = Release|Any CPU
		{7AFE52FC-C4B7-43B7-80CB-9F1A4E09E08E}.Release|Any CPU.Build.0 = Release|Any CPU
	EndGlobalSection
	GlobalSection(SolutionProperties) = preSolution
		HideSolutionNode = FALSE
	EndGlobalSection
	GlobalSection(ExtensibilityGlobals) = postSolution
		SolutionGuid = {0732862D-D8DE-4330-B64D-EE7C496AED52}
	EndGlobalSection
EndGlobal
